
Microsoft Visual Studio Solution File, Format Version 12.00
# Visual Studio Version 17
VisualStudioVersion = 17.5.33502.453
MinimumVisualStudioVersion = 10.0.40219.1
Project("{FAE04EC0-301F-11D3-BF4B-00C04F79EFBC}") = "DateTimeRenamer", "DateTimeRenamer\DateTimeRenamer.csproj", "{E679949C-A972-4D3E-A0DA-3DA34A733F5F}"
EndProject
Global
	GlobalSection(SolutionConfigurationPlatforms) = preSolution
		Debug|Any CPU = Debug|Any CPU
		Release|Any CPU = Release|Any CPU
	EndGlobalSection
	GlobalSection(ProjectConfigurationPlatforms) = postSolution
		{E679949C-A972-4D3E-A0DA-3DA34A733F5F}.Debug|Any CPU.ActiveCfg = Debug|Any CPU
		{E679949C-A972-4D3E-A0DA-3DA34A733F5F}.Debug|Any CPU.Build.0 = Debug|Any CPU
		{E679949C-A972-4D3E-A0DA-3DA34A733F5F}.Release|Any CPU.ActiveCfg = Release|Any CPU
		{E679949C-A972-4D3E-A0DA-3DA34A733F5F}.Release|Any CPU.Build.0 = Release|Any CPU
	EndGlobalSection
	GlobalSection(SolutionProperties) = preSolution
		HideSolutionNode = FALSE
	EndGlobalSection
	GlobalSection(ExtensibilityGlobals) = postSolution
		SolutionGuid = {A7FA8B98-2665-4A85-B367-F4F6DD1725E1}
	EndGlobalSection
EndGlobal
